
Microsoft Visual Studio Solution File, Format Version 12.00
# Visual Studio Version 17
VisualStudioVersion = 17.4.33403.182
MinimumVisualStudioVersion = 10.0.40219.1
Project("{FAE04EC0-301F-11D3-BF4B-00C04F79EFBC}") = "SoundDbWpf", "SoundDbWpf\SoundDbWpf.csproj", "{F9893D3E-5037-4850-B0E8-7B4D2AF48AF8}"
EndProject
Project("{FAE04EC0-301F-11D3-BF4B-00C04F79EFBC}") = "SoundDbWpfApp", "SoundDbWpfApp\SoundDbWpfApp.csproj", "{58854261-6592-4408-BD5A-FF1BE602F920}"
EndProject
Project("{FAE04EC0-301F-11D3-BF4B-00C04F79EFBC}") = "CommonWpf", "CommonWpf\CommonWpf.csproj", "{2CF9A40E-869F-4E43-9100-B7FC0F9A73B1}"
EndProject
Project("{FAE04EC0-301F-11D3-BF4B-00C04F79EFBC}") = "SoundDatabase", "SoundDatabase\SoundDatabase.csproj", "{C9FD14D9-1624-42CF-9C55-24EDBDF9FADD}"
EndProject
Project("{FAE04EC0-301F-11D3-BF4B-00C04F79EFBC}") = "SoundDbModel", "SoundDbModel\SoundDbModel.csproj", "{7490A53A-D75D-435F-BED8-F4049828079D}"
EndProject
Global
	GlobalSection(SolutionConfigurationPlatforms) = preSolution
		Debug|Any CPU = Debug|Any CPU
		Release|Any CPU = Release|Any CPU
	EndGlobalSection
	GlobalSection(ProjectConfigurationPlatforms) = postSolution
		{F9893D3E-5037-4850-B0E8-7B4D2AF48AF8}.Debug|Any CPU.ActiveCfg = Debug|Any CPU
		{F9893D3E-5037-4850-B0E8-7B4D2AF48AF8}.Debug|Any CPU.Build.0 = Debug|Any CPU
		{F9893D3E-5037-4850-B0E8-7B4D2AF48AF8}.Release|Any CPU.ActiveCfg = Release|Any CPU
		{F9893D3E-5037-4850-B0E8-7B4D2AF48AF8}.Release|Any CPU.Build.0 = Release|Any CPU
		{58854261-6592-4408-BD5A-FF1BE602F920}.Debug|Any CPU.ActiveCfg = Debug|Any CPU
		{58854261-6592-4408-BD5A-FF1BE602F920}.Debug|Any CPU.Build.0 = Debug|Any CPU
		{58854261-6592-4408-BD5A-FF1BE602F920}.Release|Any CPU.ActiveCfg = Release|Any CPU
		{58854261-6592-4408-BD5A-FF1BE602F920}.Release|Any CPU.Build.0 = Release|Any CPU
		{2CF9A40E-869F-4E43-9100-B7FC0F9A73B1}.Debug|Any CPU.ActiveCfg = Debug|Any CPU
		{2CF9A40E-869F-4E43-9100-B7FC0F9A73B1}.Debug|Any CPU.Build.0 = Debug|Any CPU
		{2CF9A40E-869F-4E43-9100-B7FC0F9A73B1}.Release|Any CPU.ActiveCfg = Release|Any CPU
		{2CF9A40E-869F-4E43-9100-B7FC0F9A73B1}.Release|Any CPU.Build.0 = Release|Any CPU
		{C9FD14D9-1624-42CF-9C55-24EDBDF9FADD}.Debug|Any CPU.ActiveCfg = Debug|Any CPU
		{C9FD14D9-1624-42CF-9C55-24EDBDF9FADD}.Debug|Any CPU.Build.0 = Debug|Any CPU
		{C9FD14D9-1624-42CF-9C55-24EDBDF9FADD}.Release|Any CPU.ActiveCfg = Release|Any CPU
		{C9FD14D9-1624-42CF-9C55-24EDBDF9FADD}.Release|Any CPU.Build.0 = Release|Any CPU
		{7490A53A-D75D-435F-BED8-F4049828079D}.Debug|Any CPU.ActiveCfg = Debug|Any CPU
		{7490A53A-D75D-435F-BED8-F4049828079D}.Debug|Any CPU.Build.0 = Debug|Any CPU
		{7490A53A-D75D-435F-BED8-F4049828079D}.Release|Any CPU.ActiveCfg = Release|Any CPU
		{7490A53A-D75D-435F-BED8-F4049828079D}.Release|Any CPU.Build.0 = Release|Any CPU
	EndGlobalSection
	GlobalSection(SolutionProperties) = preSolution
		HideSolutionNode = FALSE
	EndGlobalSection
	GlobalSection(ExtensibilityGlobals) = postSolution
		SolutionGuid = {DD0D9A62-8B55-4C29-A9F3-35D5BCCA770B}
	EndGlobalSection
EndGlobal
